
Microsoft Visual Studio Solution File, Format Version 12.00
# Visual Studio Version 17
VisualStudioVersion = 17.10.35027.167
MinimumVisualStudioVersion = 10.0.40219.1
Project("{FAE04EC0-301F-11D3-BF4B-00C04F79EFBC}") = "HRMaster", "HRMaster\HRMaster.csproj", "{829DC584-EC8C-4595-B13F-C280769D5E2F}"
EndProject
Global
	GlobalSection(SolutionConfigurationPlatforms) = preSolution
		Debug|Any CPU = Debug|Any CPU
		Release|Any CPU = Release|Any CPU
	EndGlobalSection
	GlobalSection(ProjectConfigurationPlatforms) = postSolution
		{829DC584-EC8C-4595-B13F-C280769D5E2F}.Debug|Any CPU.ActiveCfg = Debug|Any CPU
		{829DC584-EC8C-4595-B13F-C280769D5E2F}.Debug|Any CPU.Build.0 = Debug|Any CPU
		{829DC584-EC8C-4595-B13F-C280769D5E2F}.Release|Any CPU.ActiveCfg = Release|Any CPU
		{829DC584-EC8C-4595-B13F-C280769D5E2F}.Release|Any CPU.Build.0 = Release|Any CPU
	EndGlobalSection
	GlobalSection(SolutionProperties) = preSolution
		HideSolutionNode = FALSE
	EndGlobalSection
	GlobalSection(ExtensibilityGlobals) = postSolution
		SolutionGuid = {F8754B56-8BC0-4537-A753-0FFBD03E03CB}
	EndGlobalSection
EndGlobal
